
Microsoft Visual Studio Solution File, Format Version 12.00
# Visual Studio Version 17
VisualStudioVersion = 17.5.33414.496
MinimumVisualStudioVersion = 10.0.40219.1
Project("{FAE04EC0-301F-11D3-BF4B-00C04F79EFBC}") = "Anomoly.KitsPlus", "Anomoly.KitsPlus\Anomoly.KitsPlus.csproj", "{E761C963-5870-473F-936B-E2300912B8CB}"
EndProject
Global
	GlobalSection(SolutionConfigurationPlatforms) = preSolution
		Debug|Any CPU = Debug|Any CPU
		Release|Any CPU = Release|Any CPU
	EndGlobalSection
	GlobalSection(ProjectConfigurationPlatforms) = postSolution
		{E761C963-5870-473F-936B-E2300912B8CB}.Debug|Any CPU.ActiveCfg = Debug|Any CPU
		{E761C963-5870-473F-936B-E2300912B8CB}.Debug|Any CPU.Build.0 = Debug|Any CPU
		{E761C963-5870-473F-936B-E2300912B8CB}.Release|Any CPU.ActiveCfg = Release|Any CPU
		{E761C963-5870-473F-936B-E2300912B8CB}.Release|Any CPU.Build.0 = Release|Any CPU
	EndGlobalSection
	GlobalSection(SolutionProperties) = preSolution
		HideSolutionNode = FALSE
	EndGlobalSection
	GlobalSection(ExtensibilityGlobals) = postSolution
		SolutionGuid = {CFC314A0-08D4-4862-A9F6-C123AC6B830F}
	EndGlobalSection
EndGlobal
